
Microsoft Visual Studio Solution File, Format Version 12.00
# Visual Studio Version 17
VisualStudioVersion = 17.5.33502.453
MinimumVisualStudioVersion = 10.0.40219.1
Project("{FAE04EC0-301F-11D3-BF4B-00C04F79EFBC}") = "ConsoleApplication", "ConsoleApplication\ConsoleApplication.csproj", "{834D007B-73EA-460E-91C1-B52A05FD1DAD}"
EndProject
Global
	GlobalSection(SolutionConfigurationPlatforms) = preSolution
		Debug|Any CPU = Debug|Any CPU
		Release|Any CPU = Release|Any CPU
	EndGlobalSection
	GlobalSection(ProjectConfigurationPlatforms) = postSolution
		{834D007B-73EA-460E-91C1-B52A05FD1DAD}.Debug|Any CPU.ActiveCfg = Debug|Any CPU
		{834D007B-73EA-460E-91C1-B52A05FD1DAD}.Debug|Any CPU.Build.0 = Debug|Any CPU
		{834D007B-73EA-460E-91C1-B52A05FD1DAD}.Release|Any CPU.ActiveCfg = Release|Any CPU
		{834D007B-73EA-460E-91C1-B52A05FD1DAD}.Release|Any CPU.Build.0 = Release|Any CPU
	EndGlobalSection
	GlobalSection(SolutionProperties) = preSolution
		HideSolutionNode = FALSE
	EndGlobalSection
	GlobalSection(ExtensibilityGlobals) = postSolution
		SolutionGuid = {AE13A363-B29B-42BE-B524-540CA1F10B48}
	EndGlobalSection
EndGlobal
